
Microsoft Visual Studio Solution File, Format Version 12.00
# Visual Studio Version 16
VisualStudioVersion = 16.0.31112.23
MinimumVisualStudioVersion = 10.0.40219.1
Project("{FAE04EC0-301F-11D3-BF4B-00C04F79EFBC}") = "Course2", "Course2\Course2.csproj", "{89FDFF60-AB8B-4972-92F7-77DE10917B87}"
EndProject
Global
	GlobalSection(SolutionConfigurationPlatforms) = preSolution
		Debug|Any CPU = Debug|Any CPU
		Release|Any CPU = Release|Any CPU
	EndGlobalSection
	GlobalSection(ProjectConfigurationPlatforms) = postSolution
		{89FDFF60-AB8B-4972-92F7-77DE10917B87}.Debug|Any CPU.ActiveCfg = Debug|Any CPU
		{89FDFF60-AB8B-4972-92F7-77DE10917B87}.Debug|Any CPU.Build.0 = Debug|Any CPU
		{89FDFF60-AB8B-4972-92F7-77DE10917B87}.Release|Any CPU.ActiveCfg = Release|Any CPU
		{89FDFF60-AB8B-4972-92F7-77DE10917B87}.Release|Any CPU.Build.0 = Release|Any CPU
	EndGlobalSection
	GlobalSection(SolutionProperties) = preSolution
		HideSolutionNode = FALSE
	EndGlobalSection
	GlobalSection(ExtensibilityGlobals) = postSolution
		SolutionGuid = {7BE7A05D-1665-44A2-BD33-BB9C7428C98B}
	EndGlobalSection
EndGlobal
